
Microsoft Visual Studio Solution File, Format Version 12.00
# Visual Studio Version 17
VisualStudioVersion = 17.0.31611.283
MinimumVisualStudioVersion = 10.0.40219.1
Project("{9A19103F-16F7-4668-BE54-9A1E7A4F7556}") = "NavigationComplexData", "NavigationComplexData.csproj", "{2DD5083C-8E87-49E3-A942-51A5E0A73786}"
EndProject
Project("{FAE04EC0-301F-11D3-BF4B-00C04F79EFBC}") = "UITestNavigationComplexData", "..\UITestNavigationComplexData\UITestNavigationComplexData.csproj", "{7D0B924E-02E3-4656-ACF5-B3FE4083E1B9}"
EndProject
Global
	GlobalSection(SolutionConfigurationPlatforms) = preSolution
		Debug|Any CPU = Debug|Any CPU
		Release|Any CPU = Release|Any CPU
	EndGlobalSection
	GlobalSection(ProjectConfigurationPlatforms) = postSolution
		{2DD5083C-8E87-49E3-A942-51A5E0A73786}.Debug|Any CPU.ActiveCfg = Debug|Any CPU
		{2DD5083C-8E87-49E3-A942-51A5E0A73786}.Debug|Any CPU.Build.0 = Debug|Any CPU
		{2DD5083C-8E87-49E3-A942-51A5E0A73786}.Debug|Any CPU.Deploy.0 = Debug|Any CPU
		{2DD5083C-8E87-49E3-A942-51A5E0A73786}.Release|Any CPU.ActiveCfg = Release|Any CPU
		{2DD5083C-8E87-49E3-A942-51A5E0A73786}.Release|Any CPU.Build.0 = Release|Any CPU
		{2DD5083C-8E87-49E3-A942-51A5E0A73786}.Release|Any CPU.Deploy.0 = Release|Any CPU
		{7D0B924E-02E3-4656-ACF5-B3FE4083E1B9}.Debug|Any CPU.ActiveCfg = Debug|Any CPU
		{7D0B924E-02E3-4656-ACF5-B3FE4083E1B9}.Debug|Any CPU.Build.0 = Debug|Any CPU
		{7D0B924E-02E3-4656-ACF5-B3FE4083E1B9}.Release|Any CPU.ActiveCfg = Release|Any CPU
		{7D0B924E-02E3-4656-ACF5-B3FE4083E1B9}.Release|Any CPU.Build.0 = Release|Any CPU
	EndGlobalSection
	GlobalSection(SolutionProperties) = preSolution
		HideSolutionNode = FALSE
	EndGlobalSection
	GlobalSection(ExtensibilityGlobals) = postSolution
		SolutionGuid = {61F7FB11-1E47-470C-91E2-47F8143E1572}
	EndGlobalSection
EndGlobal
